// !$*UTF8*$!
{
	archiveVersion = 1;
	classes = {
	};
	objectVersion = 46;
	objects = {

/* Begin PBXBuildFile section */
		561E399E1BEF641B00E135C6 /* 574HW4.cpp in Sources */ = {isa = PBXBuildFile; fileRef = 561E399D1BEF641B00E135C6 /* 574HW4.cpp */; };
		561E39B71BEF725F00E135C6 /* libopencv_calib3d.2.4.11.dylib in Frameworks */ = {isa = PBXBuildFile; fileRef = 561E39A51BEF725F00E135C6 /* libopencv_calib3d.2.4.11.dylib */; };
		561E39B81BEF725F00E135C6 /* libopencv_contrib.2.4.11.dylib in Frameworks */ = {isa = PBXBuildFile; fileRef = 561E39A61BEF725F00E135C6 /* libopencv_contrib.2.4.11.dylib */; };
		561E39B91BEF725F00E135C6 /* libopencv_core.2.4.11.dylib in Frameworks */ = {isa = PBXBuildFile; fileRef = 561E39A71BEF725F00E135C6 /* libopencv_core.2.4.11.dylib */; };
		561E39BA1BEF725F00E135C6 /* libopencv_features2d.2.4.11.dylib in Frameworks */ = {isa = PBXBuildFile; fileRef = 561E39A81BEF725F00E135C6 /* libopencv_features2d.2.4.11.dylib */; };
		561E39BB1BEF725F00E135C6 /* libopencv_flann.2.4.11.dylib in Frameworks */ = {isa = PBXBuildFile; fileRef = 561E39A91BEF725F00E135C6 /* libopencv_flann.2.4.11.dylib */; };
		561E39BC1BEF725F00E135C6 /* libopencv_gpu.2.4.11.dylib in Frameworks */ = {isa = PBXBuildFile; fileRef = 561E39AA1BEF725F00E135C6 /* libopencv_gpu.2.4.11.dylib */; };
		561E39BD1BEF725F00E135C6 /* libopencv_highgui.2.4.11.dylib in Frameworks */ = {isa = PBXBuildFile; fileRef = 561E39AB1BEF725F00E135C6 /* libopencv_highgui.2.4.11.dylib */; };
		561E39BE1BEF725F00E135C6 /* libopencv_imgproc.2.4.11.dylib in Frameworks */ = {isa = PBXBuildFile; fileRef = 561E39AC1BEF725F00E135C6 /* libopencv_imgproc.2.4.11.dylib */; };
		561E39BF1BEF725F00E135C6 /* libopencv_legacy.2.4.11.dylib in Frameworks */ = {isa = PBXBuildFile; fileRef = 561E39AD1BEF725F00E135C6 /* libopencv_legacy.2.4.11.dylib */; };
		561E39C01BEF725F00E135C6 /* libopencv_ml.2.4.11.dylib in Frameworks */ = {isa = PBXBuildFile; fileRef = 561E39AE1BEF725F00E135C6 /* libopencv_ml.2.4.11.dylib */; };
		561E39C11BEF725F00E135C6 /* libopencv_nonfree.2.4.11.dylib in Frameworks */ = {isa = PBXBuildFile; fileRef = 561E39AF1BEF725F00E135C6 /* libopencv_nonfree.2.4.11.dylib */; };
		561E39C21BEF725F00E135C6 /* libopencv_objdetect.2.4.11.dylib in Frameworks */ = {isa = PBXBuildFile; fileRef = 561E39B01BEF725F00E135C6 /* libopencv_objdetect.2.4.11.dylib */; };
		561E39C31BEF725F00E135C6 /* libopencv_ocl.2.4.11.dylib in Frameworks */ = {isa = PBXBuildFile; fileRef = 561E39B11BEF725F00E135C6 /* libopencv_ocl.2.4.11.dylib */; };
		561E39C41BEF725F00E135C6 /* libopencv_photo.2.4.11.dylib in Frameworks */ = {isa = PBXBuildFile; fileRef = 561E39B21BEF725F00E135C6 /* libopencv_photo.2.4.11.dylib */; };
		561E39C51BEF725F00E135C6 /* libopencv_stitching.2.4.11.dylib in Frameworks */ = {isa = PBXBuildFile; fileRef = 561E39B31BEF725F00E135C6 /* libopencv_stitching.2.4.11.dylib */; };
		561E39C61BEF725F00E135C6 /* libopencv_superres.2.4.11.dylib in Frameworks */ = {isa = PBXBuildFile; fileRef = 561E39B41BEF725F00E135C6 /* libopencv_superres.2.4.11.dylib */; };
		561E39C71BEF725F00E135C6 /* libopencv_video.2.4.11.dylib in Frameworks */ = {isa = PBXBuildFile; fileRef = 561E39B51BEF725F00E135C6 /* libopencv_video.2.4.11.dylib */; };
		561E39C81BEF725F00E135C6 /* libopencv_videostab.2.4.11.dylib in Frameworks */ = {isa = PBXBuildFile; fileRef = 561E39B61BEF725F00E135C6 /* libopencv_videostab.2.4.11.dylib */; };
/* End PBXBuildFile section */

/* Begin PBXCopyFilesBuildPhase section */
		561E39981BEF641B00E135C6 /* CopyFiles */ = {
			isa = PBXCopyFilesBuildPhase;
			buildActionMask = 2147483647;
			dstPath = /usr/share/man/man1/;
			dstSubfolderSpec = 0;
			files = (
			);
			runOnlyForDeploymentPostprocessing = 1;
		};
/* End PBXCopyFilesBuildPhase section */

/* Begin PBXFileReference section */
		561E399A1BEF641B00E135C6 /* 574HW4 */ = {isa = PBXFileReference; explicitFileType = "compiled.mach-o.executable"; includeInIndex = 0; path = 574HW4; sourceTree = BUILT_PRODUCTS_DIR; };
		561E399D1BEF641B00E135C6 /* 574HW4.cpp */ = {isa = PBXFileReference; lastKnownFileType = sourcecode.cpp.cpp; path = 574HW4.cpp; sourceTree = "<group>"; };
		561E39A51BEF725F00E135C6 /* libopencv_calib3d.2.4.11.dylib */ = {isa = PBXFileReference; lastKnownFileType = "compiled.mach-o.dylib"; path = libopencv_calib3d.2.4.11.dylib; sourceTree = "<group>"; };
		561E39A61BEF725F00E135C6 /* libopencv_contrib.2.4.11.dylib */ = {isa = PBXFileReference; lastKnownFileType = "compiled.mach-o.dylib"; path = libopencv_contrib.2.4.11.dylib; sourceTree = "<group>"; };
		561E39A71BEF725F00E135C6 /* libopencv_core.2.4.11.dylib */ = {isa = PBXFileReference; lastKnownFileType = "compiled.mach-o.dylib"; path = libopencv_core.2.4.11.dylib; sourceTree = "<group>"; };
		561E39A81BEF725F00E135C6 /* libopencv_features2d.2.4.11.dylib */ = {isa = PBXFileReference; lastKnownFileType = "compiled.mach-o.dylib"; path = libopencv_features2d.2.4.11.dylib; sourceTree = "<group>"; };
		561E39A91BEF725F00E135C6 /* libopencv_flann.2.4.11.dylib */ = {isa = PBXFileReference; lastKnownFileType = "compiled.mach-o.dylib"; path = libopencv_flann.2.4.11.dylib; sourceTree = "<group>"; };
		561E39AA1BEF725F00E135C6 /* libopencv_gpu.2.4.11.dylib */ = {isa = PBXFileReference; lastKnownFileType = "compiled.mach-o.dylib"; path = libopencv_gpu.2.4.11.dylib; sourceTree = "<group>"; };
		561E39AB1BEF725F00E135C6 /* libopencv_highgui.2.4.11.dylib */ = {isa = PBXFileReference; lastKnownFileType = "compiled.mach-o.dylib"; path = libopencv_highgui.2.4.11.dylib; sourceTree = "<group>"; };
		561E39AC1BEF725F00E135C6 /* libopencv_imgproc.2.4.11.dylib */ = {isa = PBXFileReference; lastKnownFileType = "compiled.mach-o.dylib"; path = libopencv_imgproc.2.4.11.dylib; sourceTree = "<group>"; };
		561E39AD1BEF725F00E135C6 /* libopencv_legacy.2.4.11.dylib */ = {isa = PBXFileReference; lastKnownFileType = "compiled.mach-o.dylib"; path = libopencv_legacy.2.4.11.dylib; sourceTree = "<group>"; };
		561E39AE1BEF725F00E135C6 /* libopencv_ml.2.4.11.dylib */ = {isa = PBXFileReference; lastKnownFileType = "compiled.mach-o.dylib"; path = libopencv_ml.2.4.11.dylib; sourceTree = "<group>"; };
		561E39AF1BEF725F00E135C6 /* libopencv_nonfree.2.4.11.dylib */ = {isa = PBXFileReference; lastKnownFileType = "compiled.mach-o.dylib"; path = libopencv_nonfree.2.4.11.dylib; sourceTree = "<group>"; };
		561E39B01BEF725F00E135C6 /* libopencv_objdetect.2.4.11.dylib */ = {isa = PBXFileReference; lastKnownFileType = "compiled.mach-o.dylib"; path = libopencv_objdetect.2.4.11.dylib; sourceTree = "<group>"; };
		561E39B11BEF725F00E135C6 /* libopencv_ocl.2.4.11.dylib */ = {isa = PBXFileReference; lastKnownFileType = "compiled.mach-o.dylib"; path = libopencv_ocl.2.4.11.dylib; sourceTree = "<group>"; };
		561E39B21BEF725F00E135C6 /* libopencv_photo.2.4.11.dylib */ = {isa = PBXFileReference; lastKnownFileType = "compiled.mach-o.dylib"; path = libopencv_photo.2.4.11.dylib; sourceTree = "<group>"; };
		561E39B31BEF725F00E135C6 /* libopencv_stitching.2.4.11.dylib */ = {isa = PBXFileReference; lastKnownFileType = "compiled.mach-o.dylib"; path = libopencv_stitching.2.4.11.dylib; sourceTree = "<group>"; };
		561E39B41BEF725F00E135C6 /* libopencv_superres.2.4.11.dylib */ = {isa = PBXFileReference; lastKnownFileType = "compiled.mach-o.dylib"; path = libopencv_superres.2.4.11.dylib; sourceTree = "<group>"; };
		561E39B51BEF725F00E135C6 /* libopencv_video.2.4.11.dylib */ = {isa = PBXFileReference; lastKnownFileType = "compiled.mach-o.dylib"; path = libopencv_video.2.4.11.dylib; sourceTree = "<group>"; };
		561E39B61BEF725F00E135C6 /* libopencv_videostab.2.4.11.dylib */ = {isa = PBXFileReference; lastKnownFileType = "compiled.mach-o.dylib"; path = libopencv_videostab.2.4.11.dylib; sourceTree = "<group>"; };
/* End PBXFileReference section */

/* Begin PBXFrameworksBuildPhase section */
		561E39971BEF641B00E135C6 /* Frameworks */ = {
			isa = PBXFrameworksBuildPhase;
			buildActionMask = 2147483647;
			files = (
				561E39BB1BEF725F00E135C6 /* libopencv_flann.2.4.11.dylib in Frameworks */,
				561E39C51BEF725F00E135C6 /* libopencv_stitching.2.4.11.dylib in Frameworks */,
				561E39BC1BEF725F00E135C6 /* libopencv_gpu.2.4.11.dylib in Frameworks */,
				561E39C71BEF725F00E135C6 /* libopencv_video.2.4.11.dylib in Frameworks */,
				561E39B81BEF725F00E135C6 /* libopencv_contrib.2.4.11.dylib in Frameworks */,
				561E39BD1BEF725F00E135C6 /* libopencv_highgui.2.4.11.dylib in Frameworks */,
				561E39BE1BEF725F00E135C6 /* libopencv_imgproc.2.4.11.dylib in Frameworks */,
				561E39C31BEF725F00E135C6 /* libopencv_ocl.2.4.11.dylib in Frameworks */,
				561E39BA1BEF725F00E135C6 /* libopencv_features2d.2.4.11.dylib in Frameworks */,
				561E39C41BEF725F00E135C6 /* libopencv_photo.2.4.11.dylib in Frameworks */,
				561E39B91BEF725F00E135C6 /* libopencv_core.2.4.11.dylib in Frameworks */,
				561E39B71BEF725F00E135C6 /* libopencv_calib3d.2.4.11.dylib in Frameworks */,
				561E39BF1BEF725F00E135C6 /* libopencv_legacy.2.4.11.dylib in Frameworks */,
				561E39C01BEF725F00E135C6 /* libopencv_ml.2.4.11.dylib in Frameworks */,
				561E39C61BEF725F00E135C6 /* libopencv_superres.2.4.11.dylib in Frameworks */,
				561E39C21BEF725F00E135C6 /* libopencv_objdetect.2.4.11.dylib in Frameworks */,
				561E39C81BEF725F00E135C6 /* libopencv_videostab.2.4.11.dylib in Frameworks */,
				561E39C11BEF725F00E135C6 /* libopencv_nonfree.2.4.11.dylib in Frameworks */,
			);
			runOnlyForDeploymentPostprocessing = 0;
		};
/* End PBXFrameworksBuildPhase section */

/* Begin PBXGroup section */
		561E39911BEF641B00E135C6 = {
			isa = PBXGroup;
			children = (
				561E399C1BEF641B00E135C6 /* 574HW4 */,
				561E399B1BEF641B00E135C6 /* Products */,
			);
			sourceTree = "<group>";
		};
		561E399B1BEF641B00E135C6 /* Products */ = {
			isa = PBXGroup;
			children = (
				561E399A1BEF641B00E135C6 /* 574HW4 */,
			);
			name = Products;
			sourceTree = "<group>";
		};
		561E399C1BEF641B00E135C6 /* 574HW4 */ = {
			isa = PBXGroup;
			children = (
				561E39A41BEF725F00E135C6 /* libopencv 2.4.11 */,
				561E399D1BEF641B00E135C6 /* 574HW4.cpp */,
			);
			path = 574HW4;
			sourceTree = "<group>";
		};
		561E39A41BEF725F00E135C6 /* libopencv 2.4.11 */ = {
			isa = PBXGroup;
			children = (
				561E39A51BEF725F00E135C6 /* libopencv_calib3d.2.4.11.dylib */,
				561E39A61BEF725F00E135C6 /* libopencv_contrib.2.4.11.dylib */,
				561E39A71BEF725F00E135C6 /* libopencv_core.2.4.11.dylib */,
				561E39A81BEF725F00E135C6 /* libopencv_features2d.2.4.11.dylib */,
				561E39A91BEF725F00E135C6 /* libopencv_flann.2.4.11.dylib */,
				561E39AA1BEF725F00E135C6 /* libopencv_gpu.2.4.11.dylib */,
				561E39AB1BEF725F00E135C6 /* libopencv_highgui.2.4.11.dylib */,
				561E39AC1BEF725F00E135C6 /* libopencv_imgproc.2.4.11.dylib */,
				561E39AD1BEF725F00E135C6 /* libopencv_legacy.2.4.11.dylib */,
				561E39AE1BEF725F00E135C6 /* libopencv_ml.2.4.11.dylib */,
				561E39AF1BEF725F00E135C6 /* libopencv_nonfree.2.4.11.dylib */,
				561E39B01BEF725F00E135C6 /* libopencv_objdetect.2.4.11.dylib */,
				561E39B11BEF725F00E135C6 /* libopencv_ocl.2.4.11.dylib */,
				561E39B21BEF725F00E135C6 /* libopencv_photo.2.4.11.dylib */,
				561E39B31BEF725F00E135C6 /* libopencv_stitching.2.4.11.dylib */,
				561E39B41BEF725F00E135C6 /* libopencv_superres.2.4.11.dylib */,
				561E39B51BEF725F00E135C6 /* libopencv_video.2.4.11.dylib */,
				561E39B61BEF725F00E135C6 /* libopencv_videostab.2.4.11.dylib */,
			);
			name = "libopencv 2.4.11";
			path = "../../../../../usr/local/lib/libopencv 2.4.11";
			sourceTree = "<group>";
		};
/* End PBXGroup section */

/* Begin PBXNativeTarget section */
		561E39991BEF641B00E135C6 /* 574HW4 */ = {
			isa = PBXNativeTarget;
			buildConfigurationList = 561E39A11BEF641B00E135C6 /* Build configuration list for PBXNativeTarget "574HW4" */;
			buildPhases = (
				561E39961BEF641B00E135C6 /* Sources */,
				561E39971BEF641B00E135C6 /* Frameworks */,
				561E39981BEF641B00E135C6 /* CopyFiles */,
			);
			buildRules = (
			);
			dependencies = (
			);
			name = 574HW4;
			productName = 574HW4;
			productReference = 561E399A1BEF641B00E135C6 /* 574HW4 */;
			productType = "com.apple.product-type.tool";
		};
/* End PBXNativeTarget section */

/* Begin PBXProject section */
		561E39921BEF641B00E135C6 /* Project object */ = {
			isa = PBXProject;
			attributes = {
				LastUpgradeCheck = 0710;
				ORGANIZATIONNAME = LiuHengyue;
				TargetAttributes = {
					561E39991BEF641B00E135C6 = {
						CreatedOnToolsVersion = 7.1;
					};
				};
			};
			buildConfigurationList = 561E39951BEF641B00E135C6 /* Build configuration list for PBXProject "574HW4" */;
			compatibilityVersion = "Xcode 3.2";
			developmentRegion = English;
			hasScannedForEncodings = 0;
			knownRegions = (
				en,
			);
			mainGroup = 561E39911BEF641B00E135C6;
			productRefGroup = 561E399B1BEF641B00E135C6 /* Products */;
			projectDirPath = "";
			projectRoot = "";
			targets = (
				561E39991BEF641B00E135C6 /* 574HW4 */,
			);
		};
/* End PBXProject section */

/* Begin PBXSourcesBuildPhase section */
		561E39961BEF641B00E135C6 /* Sources */ = {
			isa = PBXSourcesBuildPhase;
			buildActionMask = 2147483647;
			files = (
				561E399E1BEF641B00E135C6 /* 574HW4.cpp in Sources */,
			);
			runOnlyForDeploymentPostprocessing = 0;
		};
/* End PBXSourcesBuildPhase section */

/* Begin XCBuildConfiguration section */
		561E399F1BEF641B00E135C6 /* Debug */ = {
			isa = XCBuildConfiguration;
			buildSettings = {
				ALWAYS_SEARCH_USER_PATHS = NO;
				CLANG_CXX_LANGUAGE_STANDARD = "gnu++0x";
				CLANG_CXX_LIBRARY = "libc++";
				CLANG_ENABLE_MODULES = YES;
				CLANG_ENABLE_OBJC_ARC = YES;
				CLANG_WARN_BOOL_CONVERSION = YES;
				CLANG_WARN_CONSTANT_CONVERSION = YES;
				CLANG_WARN_DIRECT_OBJC_ISA_USAGE = YES_ERROR;
				CLANG_WARN_EMPTY_BODY = YES;
				CLANG_WARN_ENUM_CONVERSION = YES;
				CLANG_WARN_INT_CONVERSION = YES;
				CLANG_WARN_OBJC_ROOT_CLASS = YES_ERROR;
				CLANG_WARN_UNREACHABLE_CODE = YES;
				CLANG_WARN__DUPLICATE_METHOD_MATCH = YES;
				CODE_SIGN_IDENTITY = "-";
				COPY_PHASE_STRIP = NO;
				DEBUG_INFORMATION_FORMAT = dwarf;
				ENABLE_STRICT_OBJC_MSGSEND = YES;
				ENABLE_TESTABILITY = YES;
				GCC_C_LANGUAGE_STANDARD = gnu99;
				GCC_DYNAMIC_NO_PIC = NO;
				GCC_NO_COMMON_BLOCKS = YES;
				GCC_OPTIMIZATION_LEVEL = 0;
				GCC_PREPROCESSOR_DEFINITIONS = (
					"DEBUG=1",
					"$(inherited)",
				);
				GCC_WARN_64_TO_32_BIT_CONVERSION = YES;
				GCC_WARN_ABOUT_RETURN_TYPE = YES_ERROR;
				GCC_WARN_UNDECLARED_SELECTOR = YES;
				GCC_WARN_UNINITIALIZED_AUTOS = YES_AGGRESSIVE;
				GCC_WARN_UNUSED_FUNCTION = YES;
				GCC_WARN_UNUSED_VARIABLE = YES;
				MACOSX_DEPLOYMENT_TARGET = 10.11;
				MTL_ENABLE_DEBUG_INFO = YES;
				ONLY_ACTIVE_ARCH = YES;
				SDKROOT = macosx;
			};
			name = Debug;
		};
		561E39A01BEF641B00E135C6 /* Release */ = {
			isa = XCBuildConfiguration;
			buildSettings = {
				ALWAYS_SEARCH_USER_PATHS = NO;
				CLANG_CXX_LANGUAGE_STANDARD = "gnu++0x";
				CLANG_CXX_LIBRARY = "libc++";
				CLANG_ENABLE_MODULES = YES;
				CLANG_ENABLE_OBJC_ARC = YES;
				CLANG_WARN_BOOL_CONVERSION = YES;
				CLANG_WARN_CONSTANT_CONVERSION = YES;
				CLANG_WARN_DIRECT_OBJC_ISA_USAGE = YES_ERROR;
				CLANG_WARN_EMPTY_BODY = YES;
				CLANG_WARN_ENUM_CONVERSION = YES;
				CLANG_WARN_INT_CONVERSION = YES;
				CLANG_WARN_OBJC_ROOT_CLASS = YES_ERROR;
				CLANG_WARN_UNREACHABLE_CODE = YES;
				CLANG_WARN__DUPLICATE_METHOD_MATCH = YES;
				CODE_SIGN_IDENTITY = "-";
				COPY_PHASE_STRIP = NO;
				DEBUG_INFORMATION_FORMAT = "dwarf-with-dsym";
				ENABLE_NS_ASSERTIONS = NO;
				ENABLE_STRICT_OBJC_MSGSEND = YES;
				GCC_C_LANGUAGE_STANDARD = gnu99;
				GCC_NO_COMMON_BLOCKS = YES;
				GCC_WARN_64_TO_32_BIT_CONVERSION = YES;
				GCC_WARN_ABOUT_RETURN_TYPE = YES_ERROR;
				GCC_WARN_UNDECLARED_SELECTOR = YES;
				GCC_WARN_UNINITIALIZED_AUTOS = YES_AGGRESSIVE;
				GCC_WARN_UNUSED_FUNCTION = YES;
				GCC_WARN_UNUSED_VARIABLE = YES;
				MACOSX_DEPLOYMENT_TARGET = 10.11;
				MTL_ENABLE_DEBUG_INFO = NO;
				SDKROOT = macosx;
			};
			name = Release;
		};
		561E39A21BEF641B00E135C6 /* Debug */ = {
			isa = XCBuildConfiguration;
			buildSettings = {
				HEADER_SEARCH_PATHS = /usr/local/include;
				LIBRARY_SEARCH_PATHS = (
					/usr/local/lib,
					/usr/local/lib/libopencv,
					2.4.11,
					/usr/local/lib/libopencv,
					2.4.11,
				);
				PRODUCT_NAME = "$(TARGET_NAME)";
			};
			name = Debug;
		};
		561E39A31BEF641B00E135C6 /* Release */ = {
			isa = XCBuildConfiguration;
			buildSettings = {
				HEADER_SEARCH_PATHS = /usr/local/include;
				LIBRARY_SEARCH_PATHS = (
					/usr/local/lib,
					/usr/local/lib/libopencv,
					2.4.11,
					/usr/local/lib/libopencv,
					2.4.11,
				);
				PRODUCT_NAME = "$(TARGET_NAME)";
			};
			name = Release;
		};
/* End XCBuildConfiguration section */

/* Begin XCConfigurationList section */
		561E39951BEF641B00E135C6 /* Build configuration list for PBXProject "574HW4" */ = {
			isa = XCConfigurationList;
			buildConfigurations = (
				561E399F1BEF641B00E135C6 /* Debug */,
				561E39A01BEF641B00E135C6 /* Release */,
			);
			defaultConfigurationIsVisible = 0;
			defaultConfigurationName = Release;
		};
		561E39A11BEF641B00E135C6 /* Build configuration list for PBXNativeTarget "574HW4" */ = {
			isa = XCConfigurationList;
			buildConfigurations = (
				561E39A21BEF641B00E135C6 /* Debug */,
				561E39A31BEF641B00E135C6 /* Release */,
			);
			defaultConfigurationIsVisible = 0;
			defaultConfigurationName = Release;
		};
/* End XCConfigurationList section */
	};
	rootObject = 561E39921BEF641B00E135C6 /* Project object */;
}
